
Microsoft Visual Studio Solution File, Format Version 12.00
# Visual Studio Version 17
VisualStudioVersion = 17.0.31903.59
MinimumVisualStudioVersion = 10.0.40219.1
Project("{2150E333-8FDC-42A3-9474-1A3956D46DE8}") = "src", "src", "{827E0CD3-B72D-47B6-A68D-7590B98EB39B}"
EndProject
Project("{FAE04EC0-301F-11D3-BF4B-00C04F79EFBC}") = "Caritas.Brigadas.Api", "src\Caritas.Brigadas.Api\Caritas.Brigadas.Api.csproj", "{7459C2D2-E8C2-48F3-B8E8-06E26F8E365F}"
EndProject
Project("{FAE04EC0-301F-11D3-BF4B-00C04F79EFBC}") = "Caritas.Brigadas.Domain", "src\Caritas.Brigadas.Domain\Caritas.Brigadas.Domain.csproj", "{AA97150F-3928-45E7-AFD0-C1825E449A60}"
EndProject
Project("{FAE04EC0-301F-11D3-BF4B-00C04F79EFBC}") = "Caritas.Brigadas.Application", "src\Caritas.Brigadas.Application\Caritas.Brigadas.Application.csproj", "{A81E5896-1873-4B2F-B02D-B92B33393DA0}"
EndProject
Project("{FAE04EC0-301F-11D3-BF4B-00C04F79EFBC}") = "Caritas.Brigadas.Infrastructure", "src\Caritas.Brigadas.Infrastructure\Caritas.Brigadas.Infrastructure.csproj", "{63A7D715-5078-41C0-ACD6-3BEB08C14FF7}"
EndProject
Project("{FAE04EC0-301F-11D3-BF4B-00C04F79EFBC}") = "Caritas.Brigadas.Contracts", "src\Caritas.Brigadas.Contracts\Caritas.Brigadas.Contracts.csproj", "{0059D94F-B69E-4A7C-BD4E-3D346B3A1207}"
EndProject
Project("{2150E333-8FDC-42A3-9474-1A3956D46DE8}") = "tests", "tests", "{0AB3BF05-4346-4AA6-1389-037BE0695223}"
EndProject
Project("{FAE04EC0-301F-11D3-BF4B-00C04F79EFBC}") = "Caritas.Brigadas.Api.Tests", "tests\Caritas.Brigadas.Api.Tests\Caritas.Brigadas.Api.Tests.csproj", "{A0CF0B95-63BD-446E-80C3-D4EF4AB4D876}"
EndProject
Project("{FAE04EC0-301F-11D3-BF4B-00C04F79EFBC}") = "Caritas.Brigadas.Domain.Tests", "tests\Caritas.Brigadas.Domain.Tests\Caritas.Brigadas.Domain.Tests.csproj", "{6E327C6B-11D2-44C1-B8C6-BE7325049D4A}"
EndProject
Project("{FAE04EC0-301F-11D3-BF4B-00C04F79EFBC}") = "Caritas.Brigadas.Application.Tests", "tests\Caritas.Brigadas.Application.Tests\Caritas.Brigadas.Application.Tests.csproj", "{79D9DBF4-CE6E-453B-BC0A-4394FA9C9AC0}"
EndProject
Project("{FAE04EC0-301F-11D3-BF4B-00C04F79EFBC}") = "Caritas.Brigadas.Infrastructure.Tests", "tests\Caritas.Brigadas.Infrastructure.Tests\Caritas.Brigadas.Infrastructure.Tests.csproj", "{75AAAC3A-4B43-4C0B-B78B-EE16518E91D8}"
EndProject
Global
	GlobalSection(SolutionConfigurationPlatforms) = preSolution
		Debug|Any CPU = Debug|Any CPU
		Debug|x64 = Debug|x64
		Debug|x86 = Debug|x86
		Release|Any CPU = Release|Any CPU
		Release|x64 = Release|x64
		Release|x86 = Release|x86
	EndGlobalSection
	GlobalSection(ProjectConfigurationPlatforms) = postSolution
		{7459C2D2-E8C2-48F3-B8E8-06E26F8E365F}.Debug|Any CPU.ActiveCfg = Debug|Any CPU
		{7459C2D2-E8C2-48F3-B8E8-06E26F8E365F}.Debug|Any CPU.Build.0 = Debug|Any CPU
		{7459C2D2-E8C2-48F3-B8E8-06E26F8E365F}.Debug|x64.ActiveCfg = Debug|Any CPU
		{7459C2D2-E8C2-48F3-B8E8-06E26F8E365F}.Debug|x64.Build.0 = Debug|Any CPU
		{7459C2D2-E8C2-48F3-B8E8-06E26F8E365F}.Debug|x86.ActiveCfg = Debug|Any CPU
		{7459C2D2-E8C2-48F3-B8E8-06E26F8E365F}.Debug|x86.Build.0 = Debug|Any CPU
		{7459C2D2-E8C2-48F3-B8E8-06E26F8E365F}.Release|Any CPU.ActiveCfg = Release|Any CPU
		{7459C2D2-E8C2-48F3-B8E8-06E26F8E365F}.Release|Any CPU.Build.0 = Release|Any CPU
		{7459C2D2-E8C2-48F3-B8E8-06E26F8E365F}.Release|x64.ActiveCfg = Release|Any CPU
		{7459C2D2-E8C2-48F3-B8E8-06E26F8E365F}.Release|x64.Build.0 = Release|Any CPU
		{7459C2D2-E8C2-48F3-B8E8-06E26F8E365F}.Release|x86.ActiveCfg = Release|Any CPU
		{7459C2D2-E8C2-48F3-B8E8-06E26F8E365F}.Release|x86.Build.0 = Release|Any CPU
		{AA97150F-3928-45E7-AFD0-C1825E449A60}.Debug|Any CPU.ActiveCfg = Debug|Any CPU
		{AA97150F-3928-45E7-AFD0-C1825E449A60}.Debug|Any CPU.Build.0 = Debug|Any CPU
		{AA97150F-3928-45E7-AFD0-C1825E449A60}.Debug|x64.ActiveCfg = Debug|Any CPU
		{AA97150F-3928-45E7-AFD0-C1825E449A60}.Debug|x64.Build.0 = Debug|Any CPU
		{AA97150F-3928-45E7-AFD0-C1825E449A60}.Debug|x86.ActiveCfg = Debug|Any CPU
		{AA97150F-3928-45E7-AFD0-C1825E449A60}.Debug|x86.Build.0 = Debug|Any CPU
		{AA97150F-3928-45E7-AFD0-C1825E449A60}.Release|Any CPU.ActiveCfg = Release|Any CPU
		{AA97150F-3928-45E7-AFD0-C1825E449A60}.Release|Any CPU.Build.0 = Release|Any CPU
		{AA97150F-3928-45E7-AFD0-C1825E449A60}.Release|x64.ActiveCfg = Release|Any CPU
		{AA97150F-3928-45E7-AFD0-C1825E449A60}.Release|x64.Build.0 = Release|Any CPU
		{AA97150F-3928-45E7-AFD0-C1825E449A60}.Release|x86.ActiveCfg = Release|Any CPU
		{AA97150F-3928-45E7-AFD0-C1825E449A60}.Release|x86.Build.0 = Release|Any CPU
		{A81E5896-1873-4B2F-B02D-B92B33393DA0}.Debug|Any CPU.ActiveCfg = Debug|Any CPU
		{A81E5896-1873-4B2F-B02D-B92B33393DA0}.Debug|Any CPU.Build.0 = Debug|Any CPU
		{A81E5896-1873-4B2F-B02D-B92B33393DA0}.Debug|x64.ActiveCfg = Debug|Any CPU
		{A81E5896-1873-4B2F-B02D-B92B33393DA0}.Debug|x64.Build.0 = Debug|Any CPU
		{A81E5896-1873-4B2F-B02D-B92B33393DA0}.Debug|x86.ActiveCfg = Debug|Any CPU
		{A81E5896-1873-4B2F-B02D-B92B33393DA0}.Debug|x86.Build.0 = Debug|Any CPU
		{A81E5896-1873-4B2F-B02D-B92B33393DA0}.Release|Any CPU.ActiveCfg = Release|Any CPU
		{A81E5896-1873-4B2F-B02D-B92B33393DA0}.Release|Any CPU.Build.0 = Release|Any CPU
		{A81E5896-1873-4B2F-B02D-B92B33393DA0}.Release|x64.ActiveCfg = Release|Any CPU
		{A81E5896-1873-4B2F-B02D-B92B33393DA0}.Release|x64.Build.0 = Release|Any CPU
		{A81E5896-1873-4B2F-B02D-B92B33393DA0}.Release|x86.ActiveCfg = Release|Any CPU
		{A81E5896-1873-4B2F-B02D-B92B33393DA0}.Release|x86.Build.0 = Release|Any CPU
		{63A7D715-5078-41C0-ACD6-3BEB08C14FF7}.Debug|Any CPU.ActiveCfg = Debug|Any CPU
		{63A7D715-5078-41C0-ACD6-3BEB08C14FF7}.Debug|Any CPU.Build.0 = Debug|Any CPU
		{63A7D715-5078-41C0-ACD6-3BEB08C14FF7}.Debug|x64.ActiveCfg = Debug|Any CPU
		{63A7D715-5078-41C0-ACD6-3BEB08C14FF7}.Debug|x64.Build.0 = Debug|Any CPU
		{63A7D715-5078-41C0-ACD6-3BEB08C14FF7}.Debug|x86.ActiveCfg = Debug|Any CPU
		{63A7D715-5078-41C0-ACD6-3BEB08C14FF7}.Debug|x86.Build.0 = Debug|Any CPU
		{63A7D715-5078-41C0-ACD6-3BEB08C14FF7}.Release|Any CPU.ActiveCfg = Release|Any CPU
		{63A7D715-5078-41C0-ACD6-3BEB08C14FF7}.Release|Any CPU.Build.0 = Release|Any CPU
		{63A7D715-5078-41C0-ACD6-3BEB08C14FF7}.Release|x64.ActiveCfg = Release|Any CPU
		{63A7D715-5078-41C0-ACD6-3BEB08C14FF7}.Release|x64.Build.0 = Release|Any CPU
		{63A7D715-5078-41C0-ACD6-3BEB08C14FF7}.Release|x86.ActiveCfg = Release|Any CPU
		{63A7D715-5078-41C0-ACD6-3BEB08C14FF7}.Release|x86.Build.0 = Release|Any CPU
		{0059D94F-B69E-4A7C-BD4E-3D346B3A1207}.Debug|Any CPU.ActiveCfg = Debug|Any CPU
		{0059D94F-B69E-4A7C-BD4E-3D346B3A1207}.Debug|Any CPU.Build.0 = Debug|Any CPU
		{0059D94F-B69E-4A7C-BD4E-3D346B3A1207}.Debug|x64.ActiveCfg = Debug|Any CPU
		{0059D94F-B69E-4A7C-BD4E-3D346B3A1207}.Debug|x64.Build.0 = Debug|Any CPU
		{0059D94F-B69E-4A7C-BD4E-3D346B3A1207}.Debug|x86.ActiveCfg = Debug|Any CPU
		{0059D94F-B69E-4A7C-BD4E-3D346B3A1207}.Debug|x86.Build.0 = Debug|Any CPU
		{0059D94F-B69E-4A7C-BD4E-3D346B3A1207}.Release|Any CPU.ActiveCfg = Release|Any CPU
		{0059D94F-B69E-4A7C-BD4E-3D346B3A1207}.Release|Any CPU.Build.0 = Release|Any CPU
		{0059D94F-B69E-4A7C-BD4E-3D346B3A1207}.Release|x64.ActiveCfg = Release|Any CPU
		{0059D94F-B69E-4A7C-BD4E-3D346B3A1207}.Release|x64.Build.0 = Release|Any CPU
		{0059D94F-B69E-4A7C-BD4E-3D346B3A1207}.Release|x86.ActiveCfg = Release|Any CPU
		{0059D94F-B69E-4A7C-BD4E-3D346B3A1207}.Release|x86.Build.0 = Release|Any CPU
		{A0CF0B95-63BD-446E-80C3-D4EF4AB4D876}.Debug|Any CPU.ActiveCfg = Debug|Any CPU
		{A0CF0B95-63BD-446E-80C3-D4EF4AB4D876}.Debug|Any CPU.Build.0 = Debug|Any CPU
		{A0CF0B95-63BD-446E-80C3-D4EF4AB4D876}.Debug|x64.ActiveCfg = Debug|Any CPU
		{A0CF0B95-63BD-446E-80C3-D4EF4AB4D876}.Debug|x64.Build.0 = Debug|Any CPU
		{A0CF0B95-63BD-446E-80C3-D4EF4AB4D876}.Debug|x86.ActiveCfg = Debug|Any CPU
		{A0CF0B95-63BD-446E-80C3-D4EF4AB4D876}.Debug|x86.Build.0 = Debug|Any CPU
		{A0CF0B95-63BD-446E-80C3-D4EF4AB4D876}.Release|Any CPU.ActiveCfg = Release|Any CPU
		{A0CF0B95-63BD-446E-80C3-D4EF4AB4D876}.Release|Any CPU.Build.0 = Release|Any CPU
		{A0CF0B95-63BD-446E-80C3-D4EF4AB4D876}.Release|x64.ActiveCfg = Release|Any CPU
		{A0CF0B95-63BD-446E-80C3-D4EF4AB4D876}.Release|x64.Build.0 = Release|Any CPU
		{A0CF0B95-63BD-446E-80C3-D4EF4AB4D876}.Release|x86.ActiveCfg = Release|Any CPU
		{A0CF0B95-63BD-446E-80C3-D4EF4AB4D876}.Release|x86.Build.0 = Release|Any CPU
		{6E327C6B-11D2-44C1-B8C6-BE7325049D4A}.Debug|Any CPU.ActiveCfg = Debug|Any CPU
		{6E327C6B-11D2-44C1-B8C6-BE7325049D4A}.Debug|Any CPU.Build.0 = Debug|Any CPU
		{6E327C6B-11D2-44C1-B8C6-BE7325049D4A}.Debug|x64.ActiveCfg = Debug|Any CPU
		{6E327C6B-11D2-44C1-B8C6-BE7325049D4A}.Debug|x64.Build.0 = Debug|Any CPU
		{6E327C6B-11D2-44C1-B8C6-BE7325049D4A}.Debug|x86.ActiveCfg = Debug|Any CPU
		{6E327C6B-11D2-44C1-B8C6-BE7325049D4A}.Debug|x86.Build.0 = Debug|Any CPU
		{6E327C6B-11D2-44C1-B8C6-BE7325049D4A}.Release|Any CPU.ActiveCfg = Release|Any CPU
		{6E327C6B-11D2-44C1-B8C6-BE7325049D4A}.Release|Any CPU.Build.0 = Release|Any CPU
		{6E327C6B-11D2-44C1-B8C6-BE7325049D4A}.Release|x64.ActiveCfg = Release|Any CPU
		{6E327C6B-11D2-44C1-B8C6-BE7325049D4A}.Release|x64.Build.0 = Release|Any CPU
		{6E327C6B-11D2-44C1-B8C6-BE7325049D4A}.Release|x86.ActiveCfg = Release|Any CPU
		{6E327C6B-11D2-44C1-B8C6-BE7325049D4A}.Release|x86.Build.0 = Release|Any CPU
		{79D9DBF4-CE6E-453B-BC0A-4394FA9C9AC0}.Debug|Any CPU.ActiveCfg = Debug|Any CPU
		{79D9DBF4-CE6E-453B-BC0A-4394FA9C9AC0}.Debug|Any CPU.Build.0 = Debug|Any CPU
		{79D9DBF4-CE6E-453B-BC0A-4394FA9C9AC0}.Debug|x64.ActiveCfg = Debug|Any CPU
		{79D9DBF4-CE6E-453B-BC0A-4394FA9C9AC0}.Debug|x64.Build.0 = Debug|Any CPU
		{79D9DBF4-CE6E-453B-BC0A-4394FA9C9AC0}.Debug|x86.ActiveCfg = Debug|Any CPU
		{79D9DBF4-CE6E-453B-BC0A-4394FA9C9AC0}.Debug|x86.Build.0 = Debug|Any CPU
		{79D9DBF4-CE6E-453B-BC0A-4394FA9C9AC0}.Release|Any CPU.ActiveCfg = Release|Any CPU
		{79D9DBF4-CE6E-453B-BC0A-4394FA9C9AC0}.Release|Any CPU.Build.0 = Release|Any CPU
		{79D9DBF4-CE6E-453B-BC0A-4394FA9C9AC0}.Release|x64.ActiveCfg = Release|Any CPU
		{79D9DBF4-CE6E-453B-BC0A-4394FA9C9AC0}.Release|x64.Build.0 = Release|Any CPU
		{79D9DBF4-CE6E-453B-BC0A-4394FA9C9AC0}.Release|x86.ActiveCfg = Release|Any CPU
		{79D9DBF4-CE6E-453B-BC0A-4394FA9C9AC0}.Release|x86.Build.0 = Release|Any CPU
		{75AAAC3A-4B43-4C0B-B78B-EE16518E91D8}.Debug|Any CPU.ActiveCfg = Debug|Any CPU
		{75AAAC3A-4B43-4C0B-B78B-EE16518E91D8}.Debug|Any CPU.Build.0 = Debug|Any CPU
		{75AAAC3A-4B43-4C0B-B78B-EE16518E91D8}.Debug|x64.ActiveCfg = Debug|Any CPU
		{75AAAC3A-4B43-4C0B-B78B-EE16518E91D8}.Debug|x64.Build.0 = Debug|Any CPU
		{75AAAC3A-4B43-4C0B-B78B-EE16518E91D8}.Debug|x86.ActiveCfg = Debug|Any CPU
		{75AAAC3A-4B43-4C0B-B78B-EE16518E91D8}.Debug|x86.Build.0 = Debug|Any CPU
		{75AAAC3A-4B43-4C0B-B78B-EE16518E91D8}.Release|Any CPU.ActiveCfg = Release|Any CPU
		{75AAAC3A-4B43-4C0B-B78B-EE16518E91D8}.Release|Any CPU.Build.0 = Release|Any CPU
		{75AAAC3A-4B43-4C0B-B78B-EE16518E91D8}.Release|x64.ActiveCfg = Release|Any CPU
		{75AAAC3A-4B43-4C0B-B78B-EE16518E91D8}.Release|x64.Build.0 = Release|Any CPU
		{75AAAC3A-4B43-4C0B-B78B-EE16518E91D8}.Release|x86.ActiveCfg = Release|Any CPU
		{75AAAC3A-4B43-4C0B-B78B-EE16518E91D8}.Release|x86.Build.0 = Release|Any CPU
	EndGlobalSection
	GlobalSection(SolutionProperties) = preSolution
		HideSolutionNode = FALSE
	EndGlobalSection
	GlobalSection(NestedProjects) = preSolution
		{7459C2D2-E8C2-48F3-B8E8-06E26F8E365F} = {827E0CD3-B72D-47B6-A68D-7590B98EB39B}
		{AA97150F-3928-45E7-AFD0-C1825E449A60} = {827E0CD3-B72D-47B6-A68D-7590B98EB39B}
		{A81E5896-1873-4B2F-B02D-B92B33393DA0} = {827E0CD3-B72D-47B6-A68D-7590B98EB39B}
		{63A7D715-5078-41C0-ACD6-3BEB08C14FF7} = {827E0CD3-B72D-47B6-A68D-7590B98EB39B}
		{0059D94F-B69E-4A7C-BD4E-3D346B3A1207} = {827E0CD3-B72D-47B6-A68D-7590B98EB39B}
		{A0CF0B95-63BD-446E-80C3-D4EF4AB4D876} = {0AB3BF05-4346-4AA6-1389-037BE0695223}
		{6E327C6B-11D2-44C1-B8C6-BE7325049D4A} = {0AB3BF05-4346-4AA6-1389-037BE0695223}
		{79D9DBF4-CE6E-453B-BC0A-4394FA9C9AC0} = {0AB3BF05-4346-4AA6-1389-037BE0695223}
		{75AAAC3A-4B43-4C0B-B78B-EE16518E91D8} = {0AB3BF05-4346-4AA6-1389-037BE0695223}
	EndGlobalSection
EndGlobal
